
Microsoft Visual Studio Solution File, Format Version 12.00
# Visual Studio Version 17
VisualStudioVersion = 17.14.36603.0 d17.14
MinimumVisualStudioVersion = 10.0.40219.1
Project("{FAE04EC0-301F-11D3-BF4B-00C04F79EFBC}") = "L-systems", "L-systems.csproj", "{9E5E59F1-CB66-49DF-9103-BE7E0E53ACF2}"
EndProject
Global
	GlobalSection(SolutionConfigurationPlatforms) = preSolution
		Debug|Any CPU = Debug|Any CPU
		Release|Any CPU = Release|Any CPU
	EndGlobalSection
	GlobalSection(ProjectConfigurationPlatforms) = postSolution
		{9E5E59F1-CB66-49DF-9103-BE7E0E53ACF2}.Debug|Any CPU.ActiveCfg = Debug|Any CPU
		{9E5E59F1-CB66-49DF-9103-BE7E0E53ACF2}.Debug|Any CPU.Build.0 = Debug|Any CPU
		{9E5E59F1-CB66-49DF-9103-BE7E0E53ACF2}.Release|Any CPU.ActiveCfg = Release|Any CPU
		{9E5E59F1-CB66-49DF-9103-BE7E0E53ACF2}.Release|Any CPU.Build.0 = Release|Any CPU
	EndGlobalSection
	GlobalSection(SolutionProperties) = preSolution
		HideSolutionNode = FALSE
	EndGlobalSection
	GlobalSection(ExtensibilityGlobals) = postSolution
		SolutionGuid = {759BC414-14E9-4EA5-91A3-1E5F0CA2B941}
	EndGlobalSection
EndGlobal
